<?xml version="1.0" encoding="utf-8"?>
<Project ToolsVersion="4.0" xmlns="http://schemas.microsoft.com/developer/msbuild/2003">
  <ItemGroup>
    <Filter Include="Source Files">
      <UniqueIdentifier>{4FC737F1-C7A5-4376-A066-2A32D752A2FF}</UniqueIdentifier>
      <Extensions>cpp;c;cc;cxx;def;odl;idl;hpj;bat;asm;asmx</Extensions>
    </Filter>
    <Filter Include="Header Files">
      <UniqueIdentifier>{93995380-89BD-4b04-88EB-625FBE52EBFB}</UniqueIdentifier>
      <Extensions>h;hh;hpp;hxx;hm;inl;inc;xsd</Extensions>
    </Filter>
    <Filter Include="Resource Files">
      <UniqueIdentifier>{67DA6AB6-F800-4c08-8B7A-83BB121AAD01}</UniqueIdentifier>
      <Extensions>rc;ico;cur;bmp;dlg;rc2;rct;bin;rgs;gif;jpg;jpeg;jpe;resx;tiff;tif;png;wav;mfcribbon-ms</Extensions>
    </Filter>
    <Filter Include="compiler">
      <UniqueIdentifier>{d787fddf-36a6-4327-8c85-789966354b6a}</UniqueIdentifier>
    </Filter>
    <Filter Include="vm">
      <UniqueIdentifier>{7b7818a7-b5db-4afd-9bad-eb655cde9fb4}</UniqueIdentifier>
    </Filter>
    <Filter Include="share">
      <UniqueIdentifier>{6091565d-799f-4d1c-bead-18122fff26cc}</UniqueIdentifier>
    </Filter>
    <Filter Include="memory">
      <UniqueIdentifier>{caf3564d-b05b-4e03-a67e-d87813031621}</UniqueIdentifier>
    </Filter>
    <Filter Include="include">
      <UniqueIdentifier>{8b138e9f-58c0-4547-b3bd-bc6d6e750eea}</UniqueIdentifier>
    </Filter>
    <Filter Include="debug">
      <UniqueIdentifier>{dd38b4b6-7c64-4336-85b9-b67407bb9a1a}</UniqueIdentifier>
    </Filter>
  </ItemGroup>
  <ItemGroup>
    <Text Include="ReadMe.txt" />
  </ItemGroup>
  <ItemGroup>
    <ClInclude Include="stdafx.h">
      <Filter>Header Files</Filter>
    </ClInclude>
    <ClInclude Include="targetver.h">
      <Filter>Header Files</Filter>
    </ClInclude>
    <ClInclude Include="diksamc.h">
      <Filter>compiler</Filter>
    </ClInclude>
    <ClInclude Include="y.tab.h">
      <Filter>compiler</Filter>
    </ClInclude>
    <ClInclude Include="DBG.h">
      <Filter>include</Filter>
    </ClInclude>
    <ClInclude Include="DKC.h">
      <Filter>include</Filter>
    </ClInclude>
    <ClInclude Include="DVM.h">
      <Filter>include</Filter>
    </ClInclude>
    <ClInclude Include="DVM_code.h">
      <Filter>include</Filter>
    </ClInclude>
    <ClInclude Include="DVM_dev.h">
      <Filter>include</Filter>
    </ClInclude>
    <ClInclude Include="MEM.h">
      <Filter>include</Filter>
    </ClInclude>
    <ClInclude Include="share.h">
      <Filter>include</Filter>
    </ClInclude>
    <ClInclude Include="memory.h">
      <Filter>memory</Filter>
    </ClInclude>
    <ClInclude Include="debug.h">
      <Filter>debug</Filter>
    </ClInclude>
    <ClInclude Include="dvm_pri.h">
      <Filter>vm</Filter>
    </ClInclude>
  </ItemGroup>
  <ItemGroup>
    <ClCompile Include="stdafx.c">
      <Filter>Source Files</Filter>
    </ClCompile>
    <ClCompile Include="create.c">
      <Filter>compiler</Filter>
    </ClCompile>
    <ClCompile Include="error_cl.c">
      <Filter>compiler</Filter>
    </ClCompile>
    <ClCompile Include="error_message_cl.c">
      <Filter>compiler</Filter>
    </ClCompile>
    <ClCompile Include="fix_tree.c">
      <Filter>compiler</Filter>
    </ClCompile>
    <ClCompile Include="generate.c">
      <Filter>compiler</Filter>
    </ClCompile>
    <ClCompile Include="interface.c">
      <Filter>compiler</Filter>
    </ClCompile>
    <ClCompile Include="lex.yy.c">
      <Filter>compiler</Filter>
    </ClCompile>
    <ClCompile Include="string.c">
      <Filter>compiler</Filter>
    </ClCompile>
    <ClCompile Include="util_cl.c">
      <Filter>compiler</Filter>
    </ClCompile>
    <ClCompile Include="wchar_cl.c">
      <Filter>compiler</Filter>
    </ClCompile>
    <ClCompile Include="y.tab.c">
      <Filter>compiler</Filter>
    </ClCompile>
    <ClCompile Include="main.c">
      <Filter>Source Files</Filter>
    </ClCompile>
    <ClCompile Include="memory.c">
      <Filter>memory</Filter>
    </ClCompile>
    <ClCompile Include="storage.c">
      <Filter>memory</Filter>
    </ClCompile>
    <ClCompile Include="debug.c">
      <Filter>debug</Filter>
    </ClCompile>
    <ClCompile Include="error_message_vm.c">
      <Filter>vm</Filter>
    </ClCompile>
    <ClCompile Include="error_vm.c">
      <Filter>vm</Filter>
    </ClCompile>
    <ClCompile Include="execute.c">
      <Filter>vm</Filter>
    </ClCompile>
    <ClCompile Include="heap.c">
      <Filter>vm</Filter>
    </ClCompile>
    <ClCompile Include="load.c">
      <Filter>vm</Filter>
    </ClCompile>
    <ClCompile Include="native.c">
      <Filter>vm</Filter>
    </ClCompile>
    <ClCompile Include="nativeif.c">
      <Filter>vm</Filter>
    </ClCompile>
    <ClCompile Include="util_vm.c">
      <Filter>vm</Filter>
    </ClCompile>
    <ClCompile Include="wchar_vm.c">
      <Filter>vm</Filter>
    </ClCompile>
    <ClCompile Include="disassemble.c">
      <Filter>share</Filter>
    </ClCompile>
    <ClCompile Include="dispose.c">
      <Filter>share</Filter>
    </ClCompile>
    <ClCompile Include="opcode.c">
      <Filter>share</Filter>
    </ClCompile>
    <ClCompile Include="util_share.c">
      <Filter>share</Filter>
    </ClCompile>
    <ClCompile Include="wchar_share.c">
      <Filter>share</Filter>
    </ClCompile>
  </ItemGroup>
  <ItemGroup>
    <None Include="diksam.l">
      <Filter>compiler</Filter>
    </None>
    <None Include="diksam.y">
      <Filter>compiler</Filter>
    </None>
  </ItemGroup>
</Project>